
Microsoft Visual Studio Solution File, Format Version 12.00
Project("{FAE04EC0-301F-11D3-BF4B-00C04F79EFBC}") = "ValheimMotorBoat", "ValheimMotorBoat\ValheimMotorBoat.csproj", "{11DA6170-959B-4481-8362-02E6A20C799B}"
EndProject
Global
	GlobalSection(SolutionConfigurationPlatforms) = preSolution
		Debug|Any CPU = Debug|Any CPU
		Release|Any CPU = Release|Any CPU
	EndGlobalSection
	GlobalSection(ProjectConfigurationPlatforms) = postSolution
		{11DA6170-959B-4481-8362-02E6A20C799B}.Debug|Any CPU.ActiveCfg = Debug|Any CPU
		{11DA6170-959B-4481-8362-02E6A20C799B}.Debug|Any CPU.Build.0 = Debug|Any CPU
		{11DA6170-959B-4481-8362-02E6A20C799B}.Release|Any CPU.ActiveCfg = Release|Any CPU
		{11DA6170-959B-4481-8362-02E6A20C799B}.Release|Any CPU.Build.0 = Release|Any CPU
	EndGlobalSection
EndGlobal
